
Microsoft Visual Studio Solution File, Format Version 12.00
Project("{FAE04EC0-301F-11D3-BF4B-00C04F79EFBC}") = "Endpoint", "Endpoint\Endpoint.csproj", "{88B5CC01-C8D8-47E9-AF0B-6AA9F9620759}"
EndProject
Project("{FAE04EC0-301F-11D3-BF4B-00C04F79EFBC}") = "Consumers", "Consumers\Consumers.csproj", "{7563B58C-076A-4B7C-9C7F-49B1268B67F8}"
EndProject
Project("{FAE04EC0-301F-11D3-BF4B-00C04F79EFBC}") = "Domain", "Domain\Domain.csproj", "{36DC566B-5EE2-487A-8EE0-F5FA3A02497C}"
EndProject
Project("{FAE04EC0-301F-11D3-BF4B-00C04F79EFBC}") = "Application", "Application\Application.csproj", "{479BFCEE-49E3-46C2-BB18-B1A963BC0ED2}"
EndProject
Project("{FAE04EC0-301F-11D3-BF4B-00C04F79EFBC}") = "GrpcServices", "GrpcServices\GrpcServices.csproj", "{EA4B2D05-CE8C-41EE-987A-5BB812EA84C2}"
EndProject
Project("{FAE04EC0-301F-11D3-BF4B-00C04F79EFBC}") = "Metrics", "Metrics\Metrics.csproj", "{AC5D8776-A395-4C54-B3FB-099F285E9B70}"
EndProject
Project("{FAE04EC0-301F-11D3-BF4B-00C04F79EFBC}") = "Options", "Options\Options.csproj", "{162C8A4C-A0CC-41FA-AFD7-1E007EE855DC}"
EndProject
Project("{2150E333-8FDC-42A3-9474-1A3956D46DE8}") = "Docker", "Docker", "{5934E428-6E5C-4278-B381-8973D07C5F2A}"
	ProjectSection(SolutionItems) = preProject
		Dockerfile = Dockerfile
	EndProjectSection
EndProject
Global
	GlobalSection(SolutionConfigurationPlatforms) = preSolution
		Debug|Any CPU = Debug|Any CPU
		Release|Any CPU = Release|Any CPU
	EndGlobalSection
	GlobalSection(ProjectConfigurationPlatforms) = postSolution
		{88B5CC01-C8D8-47E9-AF0B-6AA9F9620759}.Debug|Any CPU.ActiveCfg = Debug|Any CPU
		{88B5CC01-C8D8-47E9-AF0B-6AA9F9620759}.Debug|Any CPU.Build.0 = Debug|Any CPU
		{88B5CC01-C8D8-47E9-AF0B-6AA9F9620759}.Release|Any CPU.ActiveCfg = Release|Any CPU
		{88B5CC01-C8D8-47E9-AF0B-6AA9F9620759}.Release|Any CPU.Build.0 = Release|Any CPU
		{7563B58C-076A-4B7C-9C7F-49B1268B67F8}.Debug|Any CPU.ActiveCfg = Debug|Any CPU
		{7563B58C-076A-4B7C-9C7F-49B1268B67F8}.Debug|Any CPU.Build.0 = Debug|Any CPU
		{7563B58C-076A-4B7C-9C7F-49B1268B67F8}.Release|Any CPU.ActiveCfg = Release|Any CPU
		{7563B58C-076A-4B7C-9C7F-49B1268B67F8}.Release|Any CPU.Build.0 = Release|Any CPU
		{36DC566B-5EE2-487A-8EE0-F5FA3A02497C}.Debug|Any CPU.ActiveCfg = Debug|Any CPU
		{36DC566B-5EE2-487A-8EE0-F5FA3A02497C}.Debug|Any CPU.Build.0 = Debug|Any CPU
		{36DC566B-5EE2-487A-8EE0-F5FA3A02497C}.Release|Any CPU.ActiveCfg = Release|Any CPU
		{36DC566B-5EE2-487A-8EE0-F5FA3A02497C}.Release|Any CPU.Build.0 = Release|Any CPU
		{479BFCEE-49E3-46C2-BB18-B1A963BC0ED2}.Debug|Any CPU.ActiveCfg = Debug|Any CPU
		{479BFCEE-49E3-46C2-BB18-B1A963BC0ED2}.Debug|Any CPU.Build.0 = Debug|Any CPU
		{479BFCEE-49E3-46C2-BB18-B1A963BC0ED2}.Release|Any CPU.ActiveCfg = Release|Any CPU
		{479BFCEE-49E3-46C2-BB18-B1A963BC0ED2}.Release|Any CPU.Build.0 = Release|Any CPU
		{EA4B2D05-CE8C-41EE-987A-5BB812EA84C2}.Debug|Any CPU.ActiveCfg = Debug|Any CPU
		{EA4B2D05-CE8C-41EE-987A-5BB812EA84C2}.Debug|Any CPU.Build.0 = Debug|Any CPU
		{EA4B2D05-CE8C-41EE-987A-5BB812EA84C2}.Release|Any CPU.ActiveCfg = Release|Any CPU
		{EA4B2D05-CE8C-41EE-987A-5BB812EA84C2}.Release|Any CPU.Build.0 = Release|Any CPU
		{AC5D8776-A395-4C54-B3FB-099F285E9B70}.Debug|Any CPU.ActiveCfg = Debug|Any CPU
		{AC5D8776-A395-4C54-B3FB-099F285E9B70}.Debug|Any CPU.Build.0 = Debug|Any CPU
		{AC5D8776-A395-4C54-B3FB-099F285E9B70}.Release|Any CPU.ActiveCfg = Release|Any CPU
		{AC5D8776-A395-4C54-B3FB-099F285E9B70}.Release|Any CPU.Build.0 = Release|Any CPU
		{162C8A4C-A0CC-41FA-AFD7-1E007EE855DC}.Debug|Any CPU.ActiveCfg = Debug|Any CPU
		{162C8A4C-A0CC-41FA-AFD7-1E007EE855DC}.Debug|Any CPU.Build.0 = Debug|Any CPU
		{162C8A4C-A0CC-41FA-AFD7-1E007EE855DC}.Release|Any CPU.ActiveCfg = Release|Any CPU
		{162C8A4C-A0CC-41FA-AFD7-1E007EE855DC}.Release|Any CPU.Build.0 = Release|Any CPU
	EndGlobalSection
EndGlobal
